
Microsoft Visual Studio Solution File, Format Version 12.00
# Visual Studio Version 16
VisualStudioVersion = 16.0.32901.82
MinimumVisualStudioVersion = 10.0.40219.1
Project("{FAE04EC0-301F-11D3-BF4B-00C04F79EFBC}") = "XamDataGrid_RecordResize", "XamDataGrid_RecordResize\XamDataGrid_RecordResize.csproj", "{1E73CEC4-EAA4-4EEC-B729-4970FCD5234C}"
EndProject
Global
	GlobalSection(SolutionConfigurationPlatforms) = preSolution
		Debug|Any CPU = Debug|Any CPU
		Release|Any CPU = Release|Any CPU
	EndGlobalSection
	GlobalSection(ProjectConfigurationPlatforms) = postSolution
		{1E73CEC4-EAA4-4EEC-B729-4970FCD5234C}.Debug|Any CPU.ActiveCfg = Debug|Any CPU
		{1E73CEC4-EAA4-4EEC-B729-4970FCD5234C}.Debug|Any CPU.Build.0 = Debug|Any CPU
		{1E73CEC4-EAA4-4EEC-B729-4970FCD5234C}.Release|Any CPU.ActiveCfg = Release|Any CPU
		{1E73CEC4-EAA4-4EEC-B729-4970FCD5234C}.Release|Any CPU.Build.0 = Release|Any CPU
	EndGlobalSection
	GlobalSection(SolutionProperties) = preSolution
		HideSolutionNode = FALSE
	EndGlobalSection
	GlobalSection(ExtensibilityGlobals) = postSolution
		SolutionGuid = {C53AEC0B-7FCE-4C3C-ABF7-E2AF8F85B928}
	EndGlobalSection
EndGlobal
